
Microsoft Visual Studio Solution File, Format Version 12.00
Project("{FAE04EC0-301F-11D3-BF4B-00C04F79EFBC}") = "ArbitraryFishRemover", "ArbitraryFishRemover\ArbitraryFishRemover.csproj", "{3A336A0B-17A9-480E-ADC3-228DBE33D27F}"
EndProject
Project("{FAE04EC0-301F-11D3-BF4B-00C04F79EFBC}") = "Winch", "Winch\Winch\Winch.csproj", "{F09B95D9-9227-49DC-90BE-13BEB579AEBE}"
EndProject
Global
	GlobalSection(SolutionConfigurationPlatforms) = preSolution
		Debug|Any CPU = Debug|Any CPU
		Release|Any CPU = Release|Any CPU
	EndGlobalSection
	GlobalSection(ProjectConfigurationPlatforms) = postSolution
		{3A336A0B-17A9-480E-ADC3-228DBE33D27F}.Debug|Any CPU.ActiveCfg = Debug|Any CPU
		{3A336A0B-17A9-480E-ADC3-228DBE33D27F}.Debug|Any CPU.Build.0 = Debug|Any CPU
		{3A336A0B-17A9-480E-ADC3-228DBE33D27F}.Release|Any CPU.ActiveCfg = Release|Any CPU
		{3A336A0B-17A9-480E-ADC3-228DBE33D27F}.Release|Any CPU.Build.0 = Release|Any CPU
		{F09B95D9-9227-49DC-90BE-13BEB579AEBE}.Debug|Any CPU.ActiveCfg = Debug|Any CPU
		{F09B95D9-9227-49DC-90BE-13BEB579AEBE}.Debug|Any CPU.Build.0 = Debug|Any CPU
		{F09B95D9-9227-49DC-90BE-13BEB579AEBE}.Release|Any CPU.ActiveCfg = Release|Any CPU
		{F09B95D9-9227-49DC-90BE-13BEB579AEBE}.Release|Any CPU.Build.0 = Release|Any CPU
	EndGlobalSection
EndGlobal
